{
	"name": "sdev-currency-converter",
	"version": "1.0.3",
	"lockfileVersion": 3,
	"requires": true,
	"packages": {
		"": {
			"name": "sdev-currency-converter",
			"version": "1.0.3",
			"license": "Apache-2.0",
			"dependencies": {
				"@everapi/freecurrencyapi-js": "^1.0.1",
				"dotenv": "^16.4.7"
			}
		},
		"node_modules/@everapi/freecurrencyapi-js": {
			"version": "1.0.1",
			"resolved": "https://registry.npmjs.org/@everapi/freecurrencyapi-js/-/freecurrencyapi-js-1.0.1.tgz",
			"integrity": "sha512-GusI6Fdu4gEZhEyOOZKf9KOnSp3Atb3zLUQIp0X569LphBEv0IrZF2CALmbTmut4DacqqlP2zOpeS96bkAt2yQ==",
			"license": "MIT"
		},
		"node_modules/dotenv": {
			"version": "16.4.7",
			"resolved": "https://registry.npmjs.org/dotenv/-/dotenv-16.4.7.tgz",
			"integrity": "sha512-47qPchRCykZC03FhkYAhrvwU4xDBFIj1QPqaarj6mdM/hgUzfPHcpkHJOn3mJAufFeeAxAzeGsr5X0M4k6fLZQ==",
			"license": "BSD-2-Clause",
			"engines": {
				"node": ">=12"
			},
			"funding": {
				"url": "https://dotenvx.com"
			}
		}
	}
}
